{
    "name": "phoenix",
    "version": "0.1.2",
    "lockfileVersion": 2,
    "requires": true,
    "packages": {
        "": {
            "name": "phoenix",
            "version": "0.1.2",
            "license": "MIT",
            "devDependencies": {
                "@types/vscode": "^1.95.0",
                "path": "^0.12.7",
                "typescript": "^5.6.3"
            },
            "engines": {
                "vscode": "^1.25.1"
            }
        },
        "node_modules/@types/vscode": {
            "version": "1.95.0",
            "resolved": "https://registry.npmjs.org/@types/vscode/-/vscode-1.95.0.tgz",
            "integrity": "sha512-0LBD8TEiNbet3NvWsmn59zLzOFu/txSlGxnv5yAFHCrhG9WvAnR3IvfHzMOs2aeWqgvNjq9pO99IUw8d3n+unw==",
            "dev": true
        },
        "node_modules/inherits": {
            "version": "2.0.3",
            "resolved": "https://registry.npmjs.org/inherits/-/inherits-2.0.3.tgz",
            "integrity": "sha512-x00IRNXNy63jwGkJmzPigoySHbaqpNuzKbBOmzK+g2OdZpQ9w+sxCN+VSB3ja7IAge2OP2qpfxTjeNcyjmW1uw==",
            "dev": true
        },
        "node_modules/path": {
            "version": "0.12.7",
            "resolved": "https://registry.npmjs.org/path/-/path-0.12.7.tgz",
            "integrity": "sha512-aXXC6s+1w7otVF9UletFkFcDsJeO7lSZBPUQhtb5O0xJe8LtYhj/GxldoL09bBj9+ZmE2hNoHqQSFMN5fikh4Q==",
            "dev": true,
            "dependencies": {
                "process": "^0.11.1",
                "util": "^0.10.3"
            }
        },
        "node_modules/process": {
            "version": "0.11.10",
            "resolved": "https://registry.npmjs.org/process/-/process-0.11.10.tgz",
            "integrity": "sha512-cdGef/drWFoydD1JsMzuFf8100nZl+GT+yacc2bEced5f9Rjk4z+WtFUTBu9PhOi9j/jfmBPu0mMEY4wIdAF8A==",
            "dev": true,
            "engines": {
                "node": ">= 0.6.0"
            }
        },
        "node_modules/typescript": {
            "version": "5.6.3",
            "resolved": "https://registry.npmjs.org/typescript/-/typescript-5.6.3.tgz",
            "integrity": "sha512-hjcS1mhfuyi4WW8IWtjP7brDrG2cuDZukyrYrSauoXGNgx0S7zceP07adYkJycEr56BOUTNPzbInooiN3fn1qw==",
            "dev": true,
            "bin": {
                "tsc": "bin/tsc",
                "tsserver": "bin/tsserver"
            },
            "engines": {
                "node": ">=14.17"
            }
        },
        "node_modules/util": {
            "version": "0.10.4",
            "resolved": "https://registry.npmjs.org/util/-/util-0.10.4.tgz",
            "integrity": "sha512-0Pm9hTQ3se5ll1XihRic3FDIku70C+iHUdT/W926rSgHV5QgXsYbKZN8MSC3tJtSkhuROzvsQjAaFENRXr+19A==",
            "dev": true,
            "dependencies": {
                "inherits": "2.0.3"
            }
        }
    },
    "dependencies": {
        "@types/vscode": {
            "version": "1.95.0",
            "resolved": "https://registry.npmjs.org/@types/vscode/-/vscode-1.95.0.tgz",
            "integrity": "sha512-0LBD8TEiNbet3NvWsmn59zLzOFu/txSlGxnv5yAFHCrhG9WvAnR3IvfHzMOs2aeWqgvNjq9pO99IUw8d3n+unw==",
            "dev": true
        },
        "inherits": {
            "version": "2.0.3",
            "resolved": "https://registry.npmjs.org/inherits/-/inherits-2.0.3.tgz",
            "integrity": "sha512-x00IRNXNy63jwGkJmzPigoySHbaqpNuzKbBOmzK+g2OdZpQ9w+sxCN+VSB3ja7IAge2OP2qpfxTjeNcyjmW1uw==",
            "dev": true
        },
        "path": {
            "version": "0.12.7",
            "resolved": "https://registry.npmjs.org/path/-/path-0.12.7.tgz",
            "integrity": "sha512-aXXC6s+1w7otVF9UletFkFcDsJeO7lSZBPUQhtb5O0xJe8LtYhj/GxldoL09bBj9+ZmE2hNoHqQSFMN5fikh4Q==",
            "dev": true,
            "requires": {
                "process": "^0.11.1",
                "util": "^0.10.3"
            }
        },
        "process": {
            "version": "0.11.10",
            "resolved": "https://registry.npmjs.org/process/-/process-0.11.10.tgz",
            "integrity": "sha512-cdGef/drWFoydD1JsMzuFf8100nZl+GT+yacc2bEced5f9Rjk4z+WtFUTBu9PhOi9j/jfmBPu0mMEY4wIdAF8A==",
            "dev": true
        },
        "typescript": {
            "version": "5.6.3",
            "resolved": "https://registry.npmjs.org/typescript/-/typescript-5.6.3.tgz",
            "integrity": "sha512-hjcS1mhfuyi4WW8IWtjP7brDrG2cuDZukyrYrSauoXGNgx0S7zceP07adYkJycEr56BOUTNPzbInooiN3fn1qw==",
            "dev": true
        },
        "util": {
            "version": "0.10.4",
            "resolved": "https://registry.npmjs.org/util/-/util-0.10.4.tgz",
            "integrity": "sha512-0Pm9hTQ3se5ll1XihRic3FDIku70C+iHUdT/W926rSgHV5QgXsYbKZN8MSC3tJtSkhuROzvsQjAaFENRXr+19A==",
            "dev": true,
            "requires": {
                "inherits": "2.0.3"
            }
        }
    }
}
